
Microsoft Visual Studio Solution File, Format Version 12.00
# Visual Studio Version 17
VisualStudioVersion = 17.0.31903.59
MinimumVisualStudioVersion = 10.0.40219.1
Project("{9A19103F-16F7-4668-BE54-9A1E7A4F7556}") = "poc_async_spot_instance_dlq_api", "poc_spot_instance_dlq_api\poc_async_spot_instance_dlq_api.csproj", "{1286D184-1899-4E81-A4C9-3AEB8F75B4EF}"
EndProject
Project("{FAE04EC0-301F-11D3-BF4B-00C04F79EFBC}") = "poc_spot_instance_dlq_broker", "poc_spot_instance_dlq_broker\poc_spot_instance_dlq_broker.csproj", "{39B4589D-5F28-4BE5-8A93-084BFDA5FE62}"
EndProject
Global
	GlobalSection(SolutionConfigurationPlatforms) = preSolution
		Debug|Any CPU = Debug|Any CPU
		Release|Any CPU = Release|Any CPU
	EndGlobalSection
	GlobalSection(ProjectConfigurationPlatforms) = postSolution
		{1286D184-1899-4E81-A4C9-3AEB8F75B4EF}.Debug|Any CPU.ActiveCfg = Debug|Any CPU
		{1286D184-1899-4E81-A4C9-3AEB8F75B4EF}.Debug|Any CPU.Build.0 = Debug|Any CPU
		{1286D184-1899-4E81-A4C9-3AEB8F75B4EF}.Release|Any CPU.ActiveCfg = Release|Any CPU
		{1286D184-1899-4E81-A4C9-3AEB8F75B4EF}.Release|Any CPU.Build.0 = Release|Any CPU
		{39B4589D-5F28-4BE5-8A93-084BFDA5FE62}.Debug|Any CPU.ActiveCfg = Debug|Any CPU
		{39B4589D-5F28-4BE5-8A93-084BFDA5FE62}.Debug|Any CPU.Build.0 = Debug|Any CPU
		{39B4589D-5F28-4BE5-8A93-084BFDA5FE62}.Release|Any CPU.ActiveCfg = Release|Any CPU
		{39B4589D-5F28-4BE5-8A93-084BFDA5FE62}.Release|Any CPU.Build.0 = Release|Any CPU
	EndGlobalSection
	GlobalSection(SolutionProperties) = preSolution
		HideSolutionNode = FALSE
	EndGlobalSection
	GlobalSection(ExtensibilityGlobals) = postSolution
		SolutionGuid = {F9B91D71-4CFA-418B-886C-7C6BC7AF15F8}
	EndGlobalSection
EndGlobal
